// !$*UTF8*$!
{
	archiveVersion = 1;
	classes = {
	};
	objectVersion = 56;
	objects = {

/* Begin PBXBuildFile section */
		370CB2B52968E72D00435F17 /* KeychainManager.swift in Sources */ = {isa = PBXBuildFile; fileRef = 370CB2B42968E72D00435F17 /* KeychainManager.swift */; };
		3715DDEE297463F100F173EA /* TextReaderViewController.swift in Sources */ = {isa = PBXBuildFile; fileRef = 3715DDED297463F100F173EA /* TextReaderViewController.swift */; };
		3715DDF02974738000F173EA /* TextSourceChapter.swift in Sources */ = {isa = PBXBuildFile; fileRef = 3715DDEF2974738000F173EA /* TextSourceChapter.swift */; };
		3715DDF32974745100F173EA /* LocalTextSource.swift in Sources */ = {isa = PBXBuildFile; fileRef = 3715DDF22974745100F173EA /* LocalTextSource.swift */; };
		3715DDF62974770900F173EA /* JSTextSource.swift in Sources */ = {isa = PBXBuildFile; fileRef = 3715DDF52974770900F173EA /* JSTextSource.swift */; };
		3715DDF82974771100F173EA /* JSImageSource.swift in Sources */ = {isa = PBXBuildFile; fileRef = 3715DDF72974771100F173EA /* JSImageSource.swift */; };
		3715DDFA2974771900F173EA /* JSVideoSource.swift in Sources */ = {isa = PBXBuildFile; fileRef = 3715DDF92974771900F173EA /* JSVideoSource.swift */; };
		3715DDFC2974771F00F173EA /* JSSource.swift in Sources */ = {isa = PBXBuildFile; fileRef = 3715DDFB2974771F00F173EA /* JSSource.swift */; };
		3715DE042976111000F173EA /* ImportView.swift in Sources */ = {isa = PBXBuildFile; fileRef = 3715DE032976111000F173EA /* ImportView.swift */; };
		3715DE0629762D0B00F173EA /* LocalSource.swift in Sources */ = {isa = PBXBuildFile; fileRef = 3715DE0529762D0B00F173EA /* LocalSource.swift */; };
		3733CCDF29296E9D00901DA6 /* String.swift in Sources */ = {isa = PBXBuildFile; fileRef = 3733CCDE29296E9D00901DA6 /* String.swift */; };
		3733CCE42929B85300901DA6 /* Color.swift in Sources */ = {isa = PBXBuildFile; fileRef = 3733CCE32929B85300901DA6 /* Color.swift */; };
		3733CCEE292ADE5300901DA6 /* ImageReaderViewController.swift in Sources */ = {isa = PBXBuildFile; fileRef = 3733CCED292ADE5300901DA6 /* ImageReaderViewController.swift */; };
		3733CCF2292AFEE900901DA6 /* JSFetch.swift in Sources */ = {isa = PBXBuildFile; fileRef = 3733CCF1292AFEE900901DA6 /* JSFetch.swift */; };
		3733CCF6292BD25E00901DA6 /* Source.swift in Sources */ = {isa = PBXBuildFile; fileRef = 3733CCF5292BD25E00901DA6 /* Source.swift */; };
		3733CCF9292BD92F00901DA6 /* SourceEntry.swift in Sources */ = {isa = PBXBuildFile; fileRef = 3733CCF8292BD92F00901DA6 /* SourceEntry.swift */; };
		3733CCFB292BFEE600901DA6 /* JSXMLHttpRequest.swift in Sources */ = {isa = PBXBuildFile; fileRef = 3733CCFA292BFEE600901DA6 /* JSXMLHttpRequest.swift */; };
		3733CD03292EDD0600901DA6 /* SourceManager.swift in Sources */ = {isa = PBXBuildFile; fileRef = 3733CD02292EDD0600901DA6 /* SourceManager.swift */; };
		3733CD05292EDD7D00901DA6 /* FileManager.swift in Sources */ = {isa = PBXBuildFile; fileRef = 3733CD04292EDD7D00901DA6 /* FileManager.swift */; };
		3733CD0B2936753700901DA6 /* ZIPFoundation in Frameworks */ = {isa = PBXBuildFile; productRef = 3733CD0A2936753700901DA6 /* ZIPFoundation */; };
		3733CD172937B36600901DA6 /* SourceEntryResults.swift in Sources */ = {isa = PBXBuildFile; fileRef = 3733CD162937B36600901DA6 /* SourceEntryResults.swift */; };
		3733CD1B293A420D00901DA6 /* ImageSourceChapter.swift in Sources */ = {isa = PBXBuildFile; fileRef = 3733CD1A293A420D00901DA6 /* ImageSourceChapter.swift */; };
		3733CD1F293A815E00901DA6 /* Double.swift in Sources */ = {isa = PBXBuildFile; fileRef = 3733CD1E293A815E00901DA6 /* Double.swift */; };
		3733CD23293D8ECB00901DA6 /* ImageReaderPageView.swift in Sources */ = {isa = PBXBuildFile; fileRef = 3733CD22293D8ECB00901DA6 /* ImageReaderPageView.swift */; };
		373F6BFA2968F452009F268A /* KeychainSwift in Frameworks */ = {isa = PBXBuildFile; productRef = 373F6BF92968F452009F268A /* KeychainSwift */; };
		373F6BFE296BC3A1009F268A /* TrackerManager.swift in Sources */ = {isa = PBXBuildFile; fileRef = 373F6BFD296BC3A1009F268A /* TrackerManager.swift */; };
		3748E82029908F8E00D37F2E /* EntrySettingsViewController.swift in Sources */ = {isa = PBXBuildFile; fileRef = 3748E81F29908F8E00D37F2E /* EntrySettingsViewController.swift */; };
		3748E82429B2E80E00D37F2E /* AniSkipAPI.swift in Sources */ = {isa = PBXBuildFile; fileRef = 3748E82329B2E80E00D37F2E /* AniSkipAPI.swift */; };
		37661CC62922BD120052C629 /* Assets.xcassets in Resources */ = {isa = PBXBuildFile; fileRef = 37661CC52922BD120052C629 /* Assets.xcassets */; };
		37A02EEB292410B90020B817 /* SoshikiAPI.swift in Sources */ = {isa = PBXBuildFile; fileRef = 37A02EEA292410B90020B817 /* SoshikiAPI.swift */; };
		37A02EEE29241EEA0020B817 /* JSONAny.swift in Sources */ = {isa = PBXBuildFile; fileRef = 37A02EED29241EEA0020B817 /* JSONAny.swift */; };
		37A02EF029241F5D0020B817 /* JSONDecoder.swift in Sources */ = {isa = PBXBuildFile; fileRef = 37A02EEF29241F5D0020B817 /* JSONDecoder.swift */; };
		37A02F0E292942A50020B817 /* Collection.swift in Sources */ = {isa = PBXBuildFile; fileRef = 37A02F0D292942A50020B817 /* Collection.swift */; };
		37A02F10292944C30020B817 /* StringRepresentable.swift in Sources */ = {isa = PBXBuildFile; fileRef = 37A02F0F292944C30020B817 /* StringRepresentable.swift */; };
		37A5E5C62966637E00453DF3 /* Entry.swift in Sources */ = {isa = PBXBuildFile; fileRef = 37A5E5C52966637E00453DF3 /* Entry.swift */; };
		37A5E5C82966663900453DF3 /* History.swift in Sources */ = {isa = PBXBuildFile; fileRef = 37A5E5C72966663900453DF3 /* History.swift */; };
		37A5E5CA296666D600453DF3 /* Library.swift in Sources */ = {isa = PBXBuildFile; fileRef = 37A5E5C9296666D600453DF3 /* Library.swift */; };
		37AAC9A6297DEB0C00EF9A57 /* MainViewController.swift in Sources */ = {isa = PBXBuildFile; fileRef = 37AAC9A5297DEB0C00EF9A57 /* MainViewController.swift */; };
		37AAC9A9297F691600EF9A57 /* SettingsViewController.swift in Sources */ = {isa = PBXBuildFile; fileRef = 37AAC9A8297F691600EF9A57 /* SettingsViewController.swift */; };
		37AAC9AB297F75AB00EF9A57 /* SourcesViewController.swift in Sources */ = {isa = PBXBuildFile; fileRef = 37AAC9AA297F75AB00EF9A57 /* SourcesViewController.swift */; };
		37AAC9AD297F787200EF9A57 /* SourceTableViewCell.swift in Sources */ = {isa = PBXBuildFile; fileRef = 37AAC9AC297F787200EF9A57 /* SourceTableViewCell.swift */; };
		37AAC9AF2980B45F00EF9A57 /* TrackersViewController.swift in Sources */ = {isa = PBXBuildFile; fileRef = 37AAC9AE2980B45F00EF9A57 /* TrackersViewController.swift */; };
		37AAC9B12980B4EE00EF9A57 /* TrackerTableViewCell.swift in Sources */ = {isa = PBXBuildFile; fileRef = 37AAC9B02980B4EE00EF9A57 /* TrackerTableViewCell.swift */; };
		37AAC9B32980B5E300EF9A57 /* TrackerViewController.swift in Sources */ = {isa = PBXBuildFile; fileRef = 37AAC9B22980B5E300EF9A57 /* TrackerViewController.swift */; };
		37AAC9B52980C2B400EF9A57 /* LibraryViewController.swift in Sources */ = {isa = PBXBuildFile; fileRef = 37AAC9B42980C2B300EF9A57 /* LibraryViewController.swift */; };
		37AAC9B72980CA4200EF9A57 /* EntryCollectionViewCell.swift in Sources */ = {isa = PBXBuildFile; fileRef = 37AAC9B62980CA4200EF9A57 /* EntryCollectionViewCell.swift */; };
		37AAC9BA29818FFC00EF9A57 /* LibraryManager.swift in Sources */ = {isa = PBXBuildFile; fileRef = 37AAC9B929818FFC00EF9A57 /* LibraryManager.swift */; };
		37AAC9BC298196BB00EF9A57 /* LibraryCollectionViewCell.swift in Sources */ = {isa = PBXBuildFile; fileRef = 37AAC9BB298196BB00EF9A57 /* LibraryCollectionViewCell.swift */; };
		37AAC9BE29821F2D00EF9A57 /* LibraryCategoryEditViewController.swift in Sources */ = {isa = PBXBuildFile; fileRef = 37AAC9BD29821F2D00EF9A57 /* LibraryCategoryEditViewController.swift */; };
		37AAC9C02982279900EF9A57 /* EntryHeaderView.swift in Sources */ = {isa = PBXBuildFile; fileRef = 37AAC9BF2982279900EF9A57 /* EntryHeaderView.swift */; };
		37AAC9C4298310D400EF9A57 /* EntryViewController.swift in Sources */ = {isa = PBXBuildFile; fileRef = 37AAC9C3298310D400EF9A57 /* EntryViewController.swift */; };
		37AAC9C62984A1B500EF9A57 /* InlineStepperView.swift in Sources */ = {isa = PBXBuildFile; fileRef = 37AAC9C52984A1B500EF9A57 /* InlineStepperView.swift */; };
		37AAC9C82984BB4600EF9A57 /* VideoPlayerViewController.swift in Sources */ = {isa = PBXBuildFile; fileRef = 37AAC9C72984BB4600EF9A57 /* VideoPlayerViewController.swift */; };
		37AAC9CA2984C42600EF9A57 /* VideoPlayerSettingsViewController.swift in Sources */ = {isa = PBXBuildFile; fileRef = 37AAC9C92984C42600EF9A57 /* VideoPlayerSettingsViewController.swift */; };
		37AAC9CC29856D3900EF9A57 /* UIColor.swift in Sources */ = {isa = PBXBuildFile; fileRef = 37AAC9CB29856D3900EF9A57 /* UIColor.swift */; };
		37AAC9CE2985746C00EF9A57 /* Numeric.swift in Sources */ = {isa = PBXBuildFile; fileRef = 37AAC9CD2985746C00EF9A57 /* Numeric.swift */; };
		37AAC9D0298575AB00EF9A57 /* TextReaderSettingsViewController.swift in Sources */ = {isa = PBXBuildFile; fileRef = 37AAC9CF298575AB00EF9A57 /* TextReaderSettingsViewController.swift */; };
		37AAC9D229857DCC00EF9A57 /* ColorPickerTableViewCell.swift in Sources */ = {isa = PBXBuildFile; fileRef = 37AAC9D129857DCC00EF9A57 /* ColorPickerTableViewCell.swift */; };
		37AAC9D429858A1800EF9A57 /* BrowseViewController.swift in Sources */ = {isa = PBXBuildFile; fileRef = 37AAC9D329858A1800EF9A57 /* BrowseViewController.swift */; };
		37AAC9D62985922200EF9A57 /* SourceViewController.swift in Sources */ = {isa = PBXBuildFile; fileRef = 37AAC9D52985922100EF9A57 /* SourceViewController.swift */; };
		37AAC9D82985CEC900EF9A57 /* SourceEntryViewController.swift in Sources */ = {isa = PBXBuildFile; fileRef = 37AAC9D72985CEC900EF9A57 /* SourceEntryViewController.swift */; };
		37AAC9DB298601F600EF9A57 /* FilterTableViewCell.swift in Sources */ = {isa = PBXBuildFile; fileRef = 37AAC9DA298601F600EF9A57 /* FilterTableViewCell.swift */; };
		37AAC9DD298604D300EF9A57 /* SourceFiltersViewController.swift in Sources */ = {isa = PBXBuildFile; fileRef = 37AAC9DC298604D300EF9A57 /* SourceFiltersViewController.swift */; };
		37AAC9DF29861B1C00EF9A57 /* StringSelectViewController.swift in Sources */ = {isa = PBXBuildFile; fileRef = 37AAC9DE29861B1C00EF9A57 /* StringSelectViewController.swift */; };
		37AAC9E42986352A00EF9A57 /* SourceSettingsViewController.swift in Sources */ = {isa = PBXBuildFile; fileRef = 37AAC9E32986352A00EF9A57 /* SourceSettingsViewController.swift */; };
		37AAC9E629863A0C00EF9A57 /* SearchViewController.swift in Sources */ = {isa = PBXBuildFile; fileRef = 37AAC9E529863A0C00EF9A57 /* SearchViewController.swift */; };
		37AAC9E929863D9300EF9A57 /* ZoomableView.swift in Sources */ = {isa = PBXBuildFile; fileRef = 37AAC9E729863D9300EF9A57 /* ZoomableView.swift */; };
		37AAC9EA29863D9300EF9A57 /* CircularProgressView.swift in Sources */ = {isa = PBXBuildFile; fileRef = 37AAC9E829863D9300EF9A57 /* CircularProgressView.swift */; };
		37AAC9ED29863EB400EF9A57 /* Nuke in Frameworks */ = {isa = PBXBuildFile; productRef = 37AAC9EC29863EB400EF9A57 /* Nuke */; };
		37AAC9EF2986409D00EF9A57 /* UIResponder.swift in Sources */ = {isa = PBXBuildFile; fileRef = 37AAC9EE2986409D00EF9A57 /* UIResponder.swift */; };
		37AAC9F12986B8C900EF9A57 /* EntryTrackersViewController.swift in Sources */ = {isa = PBXBuildFile; fileRef = 37AAC9F02986B8C900EF9A57 /* EntryTrackersViewController.swift */; };
		37AAC9F3298ABBD200EF9A57 /* LinkViewController.swift in Sources */ = {isa = PBXBuildFile; fileRef = 37AAC9F2298ABBD200EF9A57 /* LinkViewController.swift */; };
		37AAC9F5298AC10000EF9A57 /* EntryTableViewCell.swift in Sources */ = {isa = PBXBuildFile; fileRef = 37AAC9F4298AC10000EF9A57 /* EntryTableViewCell.swift */; };
		37AAC9F8298EBABF00EF9A57 /* Soshiki.xcdatamodeld in Sources */ = {isa = PBXBuildFile; fileRef = 37AAC9F6298EBABE00EF9A57 /* Soshiki.xcdatamodeld */; };
		37AAC9FE298EC0FA00EF9A57 /* EntryObject.swift in Sources */ = {isa = PBXBuildFile; fileRef = 37AAC9FD298EC0FA00EF9A57 /* EntryObject.swift */; };
		37AACA00298EC21000EF9A57 /* DataManager.swift in Sources */ = {isa = PBXBuildFile; fileRef = 37AAC9FF298EC21000EF9A57 /* DataManager.swift */; };
		37AACA14298F295D00EF9A57 /* LibraryObject.swift in Sources */ = {isa = PBXBuildFile; fileRef = 37AACA13298F295D00EF9A57 /* LibraryObject.swift */; };
		37AACA16298F2BB000EF9A57 /* HistoryObject.swift in Sources */ = {isa = PBXBuildFile; fileRef = 37AACA15298F2BB000EF9A57 /* HistoryObject.swift */; };
		37AACA1A298F2D0600EF9A57 /* SourceEntryObject.swift in Sources */ = {isa = PBXBuildFile; fileRef = 37AACA19298F2D0600EF9A57 /* SourceEntryObject.swift */; };
		37AACA1C298F2D9A00EF9A57 /* ImageSourceChapterObject.swift in Sources */ = {isa = PBXBuildFile; fileRef = 37AACA1B298F2D9A00EF9A57 /* ImageSourceChapterObject.swift */; };
		37AACA1E298F2E7800EF9A57 /* VideoSourceEpisodeObject.swift in Sources */ = {isa = PBXBuildFile; fileRef = 37AACA1D298F2E7800EF9A57 /* VideoSourceEpisodeObject.swift */; };
		37AACA20298F2F9100EF9A57 /* TextSourceChapterObject.swift in Sources */ = {isa = PBXBuildFile; fileRef = 37AACA1F298F2F9100EF9A57 /* TextSourceChapterObject.swift */; };
		37AACA3729905D2200EF9A57 /* SettingItem.swift in Sources */ = {isa = PBXBuildFile; fileRef = 37AACA3629905D2200EF9A57 /* SettingItem.swift */; };
		37AACA3929905DBF00EF9A57 /* SettingGroup.swift in Sources */ = {isa = PBXBuildFile; fileRef = 37AACA3829905DBF00EF9A57 /* SettingGroup.swift */; };
		37AACA3B2990627E00EF9A57 /* SettingTableViewController.swift in Sources */ = {isa = PBXBuildFile; fileRef = 37AACA3A2990627E00EF9A57 /* SettingTableViewController.swift */; };
		37AACA3D2990644400EF9A57 /* SettingItemTableViewCell.swift in Sources */ = {isa = PBXBuildFile; fileRef = 37AACA3C2990644400EF9A57 /* SettingItemTableViewCell.swift */; };
		37D68139295D285200583A2F /* SourceFilter.swift in Sources */ = {isa = PBXBuildFile; fileRef = 37D68138295D285200583A2F /* SourceFilter.swift */; };
		37D6813B295D3D5400583A2F /* SourceListing.swift in Sources */ = {isa = PBXBuildFile; fileRef = 37D6813A295D3D5400583A2F /* SourceListing.swift */; };
		37D68143296129EA00583A2F /* ImageSource.swift in Sources */ = {isa = PBXBuildFile; fileRef = 37D68142296129EA00583A2F /* ImageSource.swift */; };
		37D68147296130D700583A2F /* ImageReaderSettingsViewController.swift in Sources */ = {isa = PBXBuildFile; fileRef = 37D68146296130D700583A2F /* ImageReaderSettingsViewController.swift */; };
		37D6814F2961F3B800583A2F /* TextSource.swift in Sources */ = {isa = PBXBuildFile; fileRef = 37D6814E2961F3B800583A2F /* TextSource.swift */; };
		37D681512961F3C100583A2F /* VideoSource.swift in Sources */ = {isa = PBXBuildFile; fileRef = 37D681502961F3C100583A2F /* VideoSource.swift */; };
		37D681562962374100583A2F /* JSDom.swift in Sources */ = {isa = PBXBuildFile; fileRef = 37D681552962374100583A2F /* JSDom.swift */; };
		37D681592962378400583A2F /* SwiftSoup in Frameworks */ = {isa = PBXBuildFile; productRef = 37D681582962378400583A2F /* SwiftSoup */; };
		37D6815D2962890F00583A2F /* VideoSourceEpisode.swift in Sources */ = {isa = PBXBuildFile; fileRef = 37D6815C2962890F00583A2F /* VideoSourceEpisode.swift */; };
		37D681662963B19500583A2F /* Int.swift in Sources */ = {isa = PBXBuildFile; fileRef = 37D681652963B19500583A2F /* Int.swift */; };
		37DC3BC329686BEE00E84A9B /* Tracker.swift in Sources */ = {isa = PBXBuildFile; fileRef = 37DC3BC229686BEE00E84A9B /* Tracker.swift */; };
		37DF5D2C294264B20072A7BB /* ImageReaderInfoPageView.swift in Sources */ = {isa = PBXBuildFile; fileRef = 37DF5D2B294264B20072A7BB /* ImageReaderInfoPageView.swift */; };
		37E7BB302958D98100FBDAC3 /* .swiftlint.yml in Resources */ = {isa = PBXBuildFile; fileRef = 37E7BB2F2958D98100FBDAC3 /* .swiftlint.yml */; };
		37E8D8282966690A00AC7D47 /* User.swift in Sources */ = {isa = PBXBuildFile; fileRef = 37E8D8272966690A00AC7D47 /* User.swift */; };
		37E8D82D2967CB2D00AC7D47 /* LocalEntry.swift in Sources */ = {isa = PBXBuildFile; fileRef = 37E8D82C2967CB2D00AC7D47 /* LocalEntry.swift */; };
		37EBD6762958F37600371978 /* UIViewController.swift in Sources */ = {isa = PBXBuildFile; fileRef = 37EBD6752958F37600371978 /* UIViewController.swift */; };
		37FC72F8297DDD7F00DFBA2F /* AppDelegate.swift in Sources */ = {isa = PBXBuildFile; fileRef = 37FC72F7297DDD7F00DFBA2F /* AppDelegate.swift */; };
		37FC72FA297DDE1500DFBA2F /* SceneDelegate.swift in Sources */ = {isa = PBXBuildFile; fileRef = 37FC72F9297DDE1500DFBA2F /* SceneDelegate.swift */; };
/* End PBXBuildFile section */

/* Begin PBXCopyFilesBuildPhase section */
		37AACA10298ECBCB00EF9A57 /* Embed Foundation Extensions */ = {
			isa = PBXCopyFilesBuildPhase;
			buildActionMask = 2147483647;
			dstPath = "";
			dstSubfolderSpec = 13;
			files = (
			);
			name = "Embed Foundation Extensions";
			runOnlyForDeploymentPostprocessing = 0;
		};
/* End PBXCopyFilesBuildPhase section */

/* Begin PBXFileReference section */
		370CB2B42968E72D00435F17 /* KeychainManager.swift */ = {isa = PBXFileReference; lastKnownFileType = sourcecode.swift; path = KeychainManager.swift; sourceTree = "<group>"; };
		3715DDED297463F100F173EA /* TextReaderViewController.swift */ = {isa = PBXFileReference; lastKnownFileType = sourcecode.swift; path = TextReaderViewController.swift; sourceTree = "<group>"; };
		3715DDEF2974738000F173EA /* TextSourceChapter.swift */ = {isa = PBXFileReference; lastKnownFileType = sourcecode.swift; path = TextSourceChapter.swift; sourceTree = "<group>"; };
		3715DDF22974745100F173EA /* LocalTextSource.swift */ = {isa = PBXFileReference; lastKnownFileType = sourcecode.swift; path = LocalTextSource.swift; sourceTree = "<group>"; };
		3715DDF52974770900F173EA /* JSTextSource.swift */ = {isa = PBXFileReference; lastKnownFileType = sourcecode.swift; path = JSTextSource.swift; sourceTree = "<group>"; };
		3715DDF72974771100F173EA /* JSImageSource.swift */ = {isa = PBXFileReference; lastKnownFileType = sourcecode.swift; path = JSImageSource.swift; sourceTree = "<group>"; };
		3715DDF92974771900F173EA /* JSVideoSource.swift */ = {isa = PBXFileReference; lastKnownFileType = sourcecode.swift; path = JSVideoSource.swift; sourceTree = "<group>"; };
		3715DDFB2974771F00F173EA /* JSSource.swift */ = {isa = PBXFileReference; lastKnownFileType = sourcecode.swift; path = JSSource.swift; sourceTree = "<group>"; };
		3715DE032976111000F173EA /* ImportView.swift */ = {isa = PBXFileReference; lastKnownFileType = sourcecode.swift; path = ImportView.swift; sourceTree = "<group>"; };
		3715DE0529762D0B00F173EA /* LocalSource.swift */ = {isa = PBXFileReference; lastKnownFileType = sourcecode.swift; path = LocalSource.swift; sourceTree = "<group>"; };
		3733CCDE29296E9D00901DA6 /* String.swift */ = {isa = PBXFileReference; lastKnownFileType = sourcecode.swift; path = String.swift; sourceTree = "<group>"; };
		3733CCE32929B85300901DA6 /* Color.swift */ = {isa = PBXFileReference; lastKnownFileType = sourcecode.swift; path = Color.swift; sourceTree = "<group>"; };
		3733CCED292ADE5300901DA6 /* ImageReaderViewController.swift */ = {isa = PBXFileReference; lastKnownFileType = sourcecode.swift; path = ImageReaderViewController.swift; sourceTree = "<group>"; };
		3733CCF1292AFEE900901DA6 /* JSFetch.swift */ = {isa = PBXFileReference; lastKnownFileType = sourcecode.swift; path = JSFetch.swift; sourceTree = "<group>"; };
		3733CCF5292BD25E00901DA6 /* Source.swift */ = {isa = PBXFileReference; lastKnownFileType = sourcecode.swift; path = Source.swift; sourceTree = "<group>"; };
		3733CCF8292BD92F00901DA6 /* SourceEntry.swift */ = {isa = PBXFileReference; lastKnownFileType = sourcecode.swift; path = SourceEntry.swift; sourceTree = "<group>"; };
		3733CCFA292BFEE600901DA6 /* JSXMLHttpRequest.swift */ = {isa = PBXFileReference; lastKnownFileType = sourcecode.swift; path = JSXMLHttpRequest.swift; sourceTree = "<group>"; };
		3733CD02292EDD0600901DA6 /* SourceManager.swift */ = {isa = PBXFileReference; lastKnownFileType = sourcecode.swift; path = SourceManager.swift; sourceTree = "<group>"; };
		3733CD04292EDD7D00901DA6 /* FileManager.swift */ = {isa = PBXFileReference; lastKnownFileType = sourcecode.swift; path = FileManager.swift; sourceTree = "<group>"; };
		3733CD06292EF14D00901DA6 /* Info.plist */ = {isa = PBXFileReference; lastKnownFileType = text.plist; path = Info.plist; sourceTree = "<group>"; };
		3733CD162937B36600901DA6 /* SourceEntryResults.swift */ = {isa = PBXFileReference; lastKnownFileType = sourcecode.swift; path = SourceEntryResults.swift; sourceTree = "<group>"; };
		3733CD1A293A420D00901DA6 /* ImageSourceChapter.swift */ = {isa = PBXFileReference; lastKnownFileType = sourcecode.swift; path = ImageSourceChapter.swift; sourceTree = "<group>"; };
		3733CD1E293A815E00901DA6 /* Double.swift */ = {isa = PBXFileReference; lastKnownFileType = sourcecode.swift; path = Double.swift; sourceTree = "<group>"; };
		3733CD22293D8ECB00901DA6 /* ImageReaderPageView.swift */ = {isa = PBXFileReference; lastKnownFileType = sourcecode.swift; path = ImageReaderPageView.swift; sourceTree = "<group>"; };
		373F6BFD296BC3A1009F268A /* TrackerManager.swift */ = {isa = PBXFileReference; lastKnownFileType = sourcecode.swift; path = TrackerManager.swift; sourceTree = "<group>"; };
		3748E81F29908F8E00D37F2E /* EntrySettingsViewController.swift */ = {isa = PBXFileReference; lastKnownFileType = sourcecode.swift; path = EntrySettingsViewController.swift; sourceTree = "<group>"; };
		3748E82129ACF0ED00D37F2E /* README.md */ = {isa = PBXFileReference; lastKnownFileType = net.daringfireball.markdown; path = README.md; sourceTree = "<group>"; };
		3748E82329B2E80E00D37F2E /* AniSkipAPI.swift */ = {isa = PBXFileReference; lastKnownFileType = sourcecode.swift; path = AniSkipAPI.swift; sourceTree = "<group>"; };
		37661CBE2922BD0D0052C629 /* Soshiki.app */ = {isa = PBXFileReference; explicitFileType = wrapper.application; includeInIndex = 0; path = Soshiki.app; sourceTree = BUILT_PRODUCTS_DIR; };
		37661CC52922BD120052C629 /* Assets.xcassets */ = {isa = PBXFileReference; lastKnownFileType = folder.assetcatalog; path = Assets.xcassets; sourceTree = "<group>"; };
		37A02EEA292410B90020B817 /* SoshikiAPI.swift */ = {isa = PBXFileReference; lastKnownFileType = sourcecode.swift; path = SoshikiAPI.swift; sourceTree = "<group>"; };
		37A02EED29241EEA0020B817 /* JSONAny.swift */ = {isa = PBXFileReference; lastKnownFileType = sourcecode.swift; path = JSONAny.swift; sourceTree = "<group>"; };
		37A02EEF29241F5D0020B817 /* JSONDecoder.swift */ = {isa = PBXFileReference; lastKnownFileType = sourcecode.swift; path = JSONDecoder.swift; sourceTree = "<group>"; };
		37A02F0D292942A50020B817 /* Collection.swift */ = {isa = PBXFileReference; lastKnownFileType = sourcecode.swift; path = Collection.swift; sourceTree = "<group>"; };
		37A02F0F292944C30020B817 /* StringRepresentable.swift */ = {isa = PBXFileReference; lastKnownFileType = sourcecode.swift; path = StringRepresentable.swift; sourceTree = "<group>"; };
		37A5E5C52966637E00453DF3 /* Entry.swift */ = {isa = PBXFileReference; lastKnownFileType = sourcecode.swift; path = Entry.swift; sourceTree = "<group>"; };
		37A5E5C72966663900453DF3 /* History.swift */ = {isa = PBXFileReference; lastKnownFileType = sourcecode.swift; path = History.swift; sourceTree = "<group>"; };
		37A5E5C9296666D600453DF3 /* Library.swift */ = {isa = PBXFileReference; lastKnownFileType = sourcecode.swift; path = Library.swift; sourceTree = "<group>"; };
		37AAC9A5297DEB0C00EF9A57 /* MainViewController.swift */ = {isa = PBXFileReference; lastKnownFileType = sourcecode.swift; path = MainViewController.swift; sourceTree = "<group>"; };
		37AAC9A8297F691600EF9A57 /* SettingsViewController.swift */ = {isa = PBXFileReference; lastKnownFileType = sourcecode.swift; path = SettingsViewController.swift; sourceTree = "<group>"; };
		37AAC9AA297F75AB00EF9A57 /* SourcesViewController.swift */ = {isa = PBXFileReference; lastKnownFileType = sourcecode.swift; path = SourcesViewController.swift; sourceTree = "<group>"; };
		37AAC9AC297F787200EF9A57 /* SourceTableViewCell.swift */ = {isa = PBXFileReference; lastKnownFileType = sourcecode.swift; path = SourceTableViewCell.swift; sourceTree = "<group>"; };
		37AAC9AE2980B45F00EF9A57 /* TrackersViewController.swift */ = {isa = PBXFileReference; lastKnownFileType = sourcecode.swift; path = TrackersViewController.swift; sourceTree = "<group>"; };
		37AAC9B02980B4EE00EF9A57 /* TrackerTableViewCell.swift */ = {isa = PBXFileReference; lastKnownFileType = sourcecode.swift; path = TrackerTableViewCell.swift; sourceTree = "<group>"; };
		37AAC9B22980B5E300EF9A57 /* TrackerViewController.swift */ = {isa = PBXFileReference; lastKnownFileType = sourcecode.swift; path = TrackerViewController.swift; sourceTree = "<group>"; };
		37AAC9B42980C2B300EF9A57 /* LibraryViewController.swift */ = {isa = PBXFileReference; lastKnownFileType = sourcecode.swift; path = LibraryViewController.swift; sourceTree = "<group>"; };
		37AAC9B62980CA4200EF9A57 /* EntryCollectionViewCell.swift */ = {isa = PBXFileReference; lastKnownFileType = sourcecode.swift; path = EntryCollectionViewCell.swift; sourceTree = "<group>"; };
		37AAC9B929818FFC00EF9A57 /* LibraryManager.swift */ = {isa = PBXFileReference; lastKnownFileType = sourcecode.swift; path = LibraryManager.swift; sourceTree = "<group>"; };
		37AAC9BB298196BB00EF9A57 /* LibraryCollectionViewCell.swift */ = {isa = PBXFileReference; lastKnownFileType = sourcecode.swift; path = LibraryCollectionViewCell.swift; sourceTree = "<group>"; };
		37AAC9BD29821F2D00EF9A57 /* LibraryCategoryEditViewController.swift */ = {isa = PBXFileReference; lastKnownFileType = sourcecode.swift; path = LibraryCategoryEditViewController.swift; sourceTree = "<group>"; };
		37AAC9BF2982279900EF9A57 /* EntryHeaderView.swift */ = {isa = PBXFileReference; lastKnownFileType = sourcecode.swift; path = EntryHeaderView.swift; sourceTree = "<group>"; };
		37AAC9C3298310D400EF9A57 /* EntryViewController.swift */ = {isa = PBXFileReference; lastKnownFileType = sourcecode.swift; path = EntryViewController.swift; sourceTree = "<group>"; };
		37AAC9C52984A1B500EF9A57 /* InlineStepperView.swift */ = {isa = PBXFileReference; lastKnownFileType = sourcecode.swift; path = InlineStepperView.swift; sourceTree = "<group>"; };
		37AAC9C72984BB4600EF9A57 /* VideoPlayerViewController.swift */ = {isa = PBXFileReference; lastKnownFileType = sourcecode.swift; path = VideoPlayerViewController.swift; sourceTree = "<group>"; };
		37AAC9C92984C42600EF9A57 /* VideoPlayerSettingsViewController.swift */ = {isa = PBXFileReference; lastKnownFileType = sourcecode.swift; path = VideoPlayerSettingsViewController.swift; sourceTree = "<group>"; };
		37AAC9CB29856D3900EF9A57 /* UIColor.swift */ = {isa = PBXFileReference; lastKnownFileType = sourcecode.swift; path = UIColor.swift; sourceTree = "<group>"; };
		37AAC9CD2985746C00EF9A57 /* Numeric.swift */ = {isa = PBXFileReference; lastKnownFileType = sourcecode.swift; path = Numeric.swift; sourceTree = "<group>"; };
		37AAC9CF298575AB00EF9A57 /* TextReaderSettingsViewController.swift */ = {isa = PBXFileReference; lastKnownFileType = sourcecode.swift; path = TextReaderSettingsViewController.swift; sourceTree = "<group>"; };
		37AAC9D129857DCC00EF9A57 /* ColorPickerTableViewCell.swift */ = {isa = PBXFileReference; lastKnownFileType = sourcecode.swift; path = ColorPickerTableViewCell.swift; sourceTree = "<group>"; };
		37AAC9D329858A1800EF9A57 /* BrowseViewController.swift */ = {isa = PBXFileReference; lastKnownFileType = sourcecode.swift; path = BrowseViewController.swift; sourceTree = "<group>"; };
		37AAC9D52985922100EF9A57 /* SourceViewController.swift */ = {isa = PBXFileReference; lastKnownFileType = sourcecode.swift; path = SourceViewController.swift; sourceTree = "<group>"; };
		37AAC9D72985CEC900EF9A57 /* SourceEntryViewController.swift */ = {isa = PBXFileReference; lastKnownFileType = sourcecode.swift; path = SourceEntryViewController.swift; sourceTree = "<group>"; };
		37AAC9DA298601F600EF9A57 /* FilterTableViewCell.swift */ = {isa = PBXFileReference; lastKnownFileType = sourcecode.swift; path = FilterTableViewCell.swift; sourceTree = "<group>"; };
		37AAC9DC298604D300EF9A57 /* SourceFiltersViewController.swift */ = {isa = PBXFileReference; lastKnownFileType = sourcecode.swift; path = SourceFiltersViewController.swift; sourceTree = "<group>"; };
		37AAC9DE29861B1C00EF9A57 /* StringSelectViewController.swift */ = {isa = PBXFileReference; lastKnownFileType = sourcecode.swift; path = StringSelectViewController.swift; sourceTree = "<group>"; };
		37AAC9E32986352A00EF9A57 /* SourceSettingsViewController.swift */ = {isa = PBXFileReference; lastKnownFileType = sourcecode.swift; path = SourceSettingsViewController.swift; sourceTree = "<group>"; };
		37AAC9E529863A0C00EF9A57 /* SearchViewController.swift */ = {isa = PBXFileReference; lastKnownFileType = sourcecode.swift; path = SearchViewController.swift; sourceTree = "<group>"; };
		37AAC9E729863D9300EF9A57 /* ZoomableView.swift */ = {isa = PBXFileReference; fileEncoding = 4; lastKnownFileType = sourcecode.swift; path = ZoomableView.swift; sourceTree = "<group>"; };
		37AAC9E829863D9300EF9A57 /* CircularProgressView.swift */ = {isa = PBXFileReference; fileEncoding = 4; lastKnownFileType = sourcecode.swift; path = CircularProgressView.swift; sourceTree = "<group>"; };
		37AAC9EE2986409D00EF9A57 /* UIResponder.swift */ = {isa = PBXFileReference; lastKnownFileType = sourcecode.swift; path = UIResponder.swift; sourceTree = "<group>"; };
		37AAC9F02986B8C900EF9A57 /* EntryTrackersViewController.swift */ = {isa = PBXFileReference; lastKnownFileType = sourcecode.swift; path = EntryTrackersViewController.swift; sourceTree = "<group>"; };
		37AAC9F2298ABBD200EF9A57 /* LinkViewController.swift */ = {isa = PBXFileReference; lastKnownFileType = sourcecode.swift; path = LinkViewController.swift; sourceTree = "<group>"; };
		37AAC9F4298AC10000EF9A57 /* EntryTableViewCell.swift */ = {isa = PBXFileReference; lastKnownFileType = sourcecode.swift; path = EntryTableViewCell.swift; sourceTree = "<group>"; };
		37AAC9F7298EBABF00EF9A57 /* SoshikiModel.xcdatamodel */ = {isa = PBXFileReference; lastKnownFileType = wrapper.xcdatamodel; path = SoshikiModel.xcdatamodel; sourceTree = "<group>"; };
		37AAC9FD298EC0FA00EF9A57 /* EntryObject.swift */ = {isa = PBXFileReference; lastKnownFileType = sourcecode.swift; path = EntryObject.swift; sourceTree = "<group>"; };
		37AAC9FF298EC21000EF9A57 /* DataManager.swift */ = {isa = PBXFileReference; lastKnownFileType = sourcecode.swift; path = DataManager.swift; sourceTree = "<group>"; };
		37AACA13298F295D00EF9A57 /* LibraryObject.swift */ = {isa = PBXFileReference; lastKnownFileType = sourcecode.swift; path = LibraryObject.swift; sourceTree = "<group>"; };
		37AACA15298F2BB000EF9A57 /* HistoryObject.swift */ = {isa = PBXFileReference; lastKnownFileType = sourcecode.swift; path = HistoryObject.swift; sourceTree = "<group>"; };
		37AACA19298F2D0600EF9A57 /* SourceEntryObject.swift */ = {isa = PBXFileReference; lastKnownFileType = sourcecode.swift; path = SourceEntryObject.swift; sourceTree = "<group>"; };
		37AACA1B298F2D9A00EF9A57 /* ImageSourceChapterObject.swift */ = {isa = PBXFileReference; lastKnownFileType = sourcecode.swift; path = ImageSourceChapterObject.swift; sourceTree = "<group>"; };
		37AACA1D298F2E7800EF9A57 /* VideoSourceEpisodeObject.swift */ = {isa = PBXFileReference; lastKnownFileType = sourcecode.swift; path = VideoSourceEpisodeObject.swift; sourceTree = "<group>"; };
		37AACA1F298F2F9100EF9A57 /* TextSourceChapterObject.swift */ = {isa = PBXFileReference; lastKnownFileType = sourcecode.swift; path = TextSourceChapterObject.swift; sourceTree = "<group>"; };
		37AACA3629905D2200EF9A57 /* SettingItem.swift */ = {isa = PBXFileReference; lastKnownFileType = sourcecode.swift; path = SettingItem.swift; sourceTree = "<group>"; };
		37AACA3829905DBF00EF9A57 /* SettingGroup.swift */ = {isa = PBXFileReference; lastKnownFileType = sourcecode.swift; path = SettingGroup.swift; sourceTree = "<group>"; };
		37AACA3A2990627E00EF9A57 /* SettingTableViewController.swift */ = {isa = PBXFileReference; lastKnownFileType = sourcecode.swift; path = SettingTableViewController.swift; sourceTree = "<group>"; };
		37AACA3C2990644400EF9A57 /* SettingItemTableViewCell.swift */ = {isa = PBXFileReference; lastKnownFileType = sourcecode.swift; path = SettingItemTableViewCell.swift; sourceTree = "<group>"; };
		37D68138295D285200583A2F /* SourceFilter.swift */ = {isa = PBXFileReference; lastKnownFileType = sourcecode.swift; path = SourceFilter.swift; sourceTree = "<group>"; };
		37D6813A295D3D5400583A2F /* SourceListing.swift */ = {isa = PBXFileReference; lastKnownFileType = sourcecode.swift; path = SourceListing.swift; sourceTree = "<group>"; };
		37D68142296129EA00583A2F /* ImageSource.swift */ = {isa = PBXFileReference; lastKnownFileType = sourcecode.swift; path = ImageSource.swift; sourceTree = "<group>"; };
		37D68146296130D700583A2F /* ImageReaderSettingsViewController.swift */ = {isa = PBXFileReference; lastKnownFileType = sourcecode.swift; path = ImageReaderSettingsViewController.swift; sourceTree = "<group>"; };
		37D6814E2961F3B800583A2F /* TextSource.swift */ = {isa = PBXFileReference; lastKnownFileType = sourcecode.swift; path = TextSource.swift; sourceTree = "<group>"; };
		37D681502961F3C100583A2F /* VideoSource.swift */ = {isa = PBXFileReference; lastKnownFileType = sourcecode.swift; path = VideoSource.swift; sourceTree = "<group>"; };
		37D681552962374100583A2F /* JSDom.swift */ = {isa = PBXFileReference; lastKnownFileType = sourcecode.swift; path = JSDom.swift; sourceTree = "<group>"; };
		37D6815C2962890F00583A2F /* VideoSourceEpisode.swift */ = {isa = PBXFileReference; lastKnownFileType = sourcecode.swift; path = VideoSourceEpisode.swift; sourceTree = "<group>"; };
		37D681652963B19500583A2F /* Int.swift */ = {isa = PBXFileReference; lastKnownFileType = sourcecode.swift; path = Int.swift; sourceTree = "<group>"; };
		37DC3BC229686BEE00E84A9B /* Tracker.swift */ = {isa = PBXFileReference; lastKnownFileType = sourcecode.swift; path = Tracker.swift; sourceTree = "<group>"; };
		37DF5D2B294264B20072A7BB /* ImageReaderInfoPageView.swift */ = {isa = PBXFileReference; lastKnownFileType = sourcecode.swift; path = ImageReaderInfoPageView.swift; sourceTree = "<group>"; };
		37E7BB2F2958D98100FBDAC3 /* .swiftlint.yml */ = {isa = PBXFileReference; lastKnownFileType = text.yaml; path = .swiftlint.yml; sourceTree = "<group>"; };
		37E8D8272966690A00AC7D47 /* User.swift */ = {isa = PBXFileReference; lastKnownFileType = sourcecode.swift; path = User.swift; sourceTree = "<group>"; };
		37E8D82C2967CB2D00AC7D47 /* LocalEntry.swift */ = {isa = PBXFileReference; lastKnownFileType = sourcecode.swift; path = LocalEntry.swift; sourceTree = "<group>"; };
		37EBD6752958F37600371978 /* UIViewController.swift */ = {isa = PBXFileReference; lastKnownFileType = sourcecode.swift; path = UIViewController.swift; sourceTree = "<group>"; };
		37FC72F7297DDD7F00DFBA2F /* AppDelegate.swift */ = {isa = PBXFileReference; lastKnownFileType = sourcecode.swift; path = AppDelegate.swift; sourceTree = "<group>"; };
		37FC72F9297DDE1500DFBA2F /* SceneDelegate.swift */ = {isa = PBXFileReference; lastKnownFileType = sourcecode.swift; path = SceneDelegate.swift; sourceTree = "<group>"; };
/* End PBXFileReference section */

/* Begin PBXFrameworksBuildPhase section */
		37661CBB2922BD0D0052C629 /* Frameworks */ = {
			isa = PBXFrameworksBuildPhase;
			buildActionMask = 2147483647;
			files = (
				3733CD0B2936753700901DA6 /* ZIPFoundation in Frameworks */,
				373F6BFA2968F452009F268A /* KeychainSwift in Frameworks */,
				37D681592962378400583A2F /* SwiftSoup in Frameworks */,
				37AAC9ED29863EB400EF9A57 /* Nuke in Frameworks */,
			);
			runOnlyForDeploymentPostprocessing = 0;
		};
/* End PBXFrameworksBuildPhase section */

/* Begin PBXGroup section */
		3715DDE4296CA63200F173EA /* Trackers */ = {
			isa = PBXGroup;
			children = (
				37AAC9F02986B8C900EF9A57 /* EntryTrackersViewController.swift */,
			);
			path = Trackers;
			sourceTree = "<group>";
		};
		3715DDE7296E45D600F173EA /* Text */ = {
			isa = PBXGroup;
			children = (
				3715DDED297463F100F173EA /* TextReaderViewController.swift */,
				37AAC9CF298575AB00EF9A57 /* TextReaderSettingsViewController.swift */,
			);
			path = Text;
			sourceTree = "<group>";
		};
		3715DDF4297476BA00F173EA /* JSSource */ = {
			isa = PBXGroup;
			children = (
				3715DDF52974770900F173EA /* JSTextSource.swift */,
				3715DDF72974771100F173EA /* JSImageSource.swift */,
				3715DDF92974771900F173EA /* JSVideoSource.swift */,
				3715DDFB2974771F00F173EA /* JSSource.swift */,
			);
			path = JSSource;
			sourceTree = "<group>";
		};
		3715DDFD2974782500F173EA /* LocalSource */ = {
			isa = PBXGroup;
			children = (
				3715DDF22974745100F173EA /* LocalTextSource.swift */,
				3715DE0529762D0B00F173EA /* LocalSource.swift */,
			);
			path = LocalSource;
			sourceTree = "<group>";
		};
		3715DE022976110600F173EA /* Import */ = {
			isa = PBXGroup;
			children = (
				3715DE032976111000F173EA /* ImportView.swift */,
			);
			path = Import;
			sourceTree = "<group>";
		};
		3733CCE02929990900901DA6 /* Entry */ = {
			isa = PBXGroup;
			children = (
				3715DDE4296CA63200F173EA /* Trackers */,
				37AAC9BF2982279900EF9A57 /* EntryHeaderView.swift */,
				37AAC9C3298310D400EF9A57 /* EntryViewController.swift */,
				3748E81F29908F8E00D37F2E /* EntrySettingsViewController.swift */,
			);
			path = Entry;
			sourceTree = "<group>";
		};
		3733CCE5292A9A9F00901DA6 /* Sources */ = {
			isa = PBXGroup;
			children = (
				37D68141296129D700583A2F /* Source */,
				3733CCF7292BD92200901DA6 /* Models */,
				3733CD02292EDD0600901DA6 /* SourceManager.swift */,
			);
			path = Sources;
			sourceTree = "<group>";
		};
		3733CCE6292AA38200901DA6 /* Search */ = {
			isa = PBXGroup;
			children = (
				37AAC9E529863A0C00EF9A57 /* SearchViewController.swift */,
			);
			path = Search;
			sourceTree = "<group>";
		};
		3733CCEC292ADE4400901DA6 /* Image */ = {
			isa = PBXGroup;
			children = (
				3733CCED292ADE5300901DA6 /* ImageReaderViewController.swift */,
				3733CD22293D8ECB00901DA6 /* ImageReaderPageView.swift */,
				37DF5D2B294264B20072A7BB /* ImageReaderInfoPageView.swift */,
				37D68146296130D700583A2F /* ImageReaderSettingsViewController.swift */,
			);
			path = Image;
			sourceTree = "<group>";
		};
		3733CCF7292BD92200901DA6 /* Models */ = {
			isa = PBXGroup;
			children = (
				3733CCF8292BD92F00901DA6 /* SourceEntry.swift */,
				3733CD162937B36600901DA6 /* SourceEntryResults.swift */,
				3733CD1A293A420D00901DA6 /* ImageSourceChapter.swift */,
				37D68138295D285200583A2F /* SourceFilter.swift */,
				37D6813A295D3D5400583A2F /* SourceListing.swift */,
				37D6815C2962890F00583A2F /* VideoSourceEpisode.swift */,
				3715DDEF2974738000F173EA /* TextSourceChapter.swift */,
			);
			path = Models;
			sourceTree = "<group>";
		};
		3733CCFC292EDAD000901DA6 /* Settings */ = {
			isa = PBXGroup;
			children = (
				37AAC9A8297F691600EF9A57 /* SettingsViewController.swift */,
				37AAC9AA297F75AB00EF9A57 /* SourcesViewController.swift */,
				37AAC9AE2980B45F00EF9A57 /* TrackersViewController.swift */,
				37AAC9B22980B5E300EF9A57 /* TrackerViewController.swift */,
			);
			path = Settings;
			sourceTree = "<group>";
		};
		3733CD0C2937AF7200901DA6 /* Browse */ = {
			isa = PBXGroup;
			children = (
				37D681482961555E00583A2F /* Link */,
				37AAC9D329858A1800EF9A57 /* BrowseViewController.swift */,
				37AAC9D52985922100EF9A57 /* SourceViewController.swift */,
				37AAC9D72985CEC900EF9A57 /* SourceEntryViewController.swift */,
				37AAC9DC298604D300EF9A57 /* SourceFiltersViewController.swift */,
				37AAC9E32986352A00EF9A57 /* SourceSettingsViewController.swift */,
			);
			path = Browse;
			sourceTree = "<group>";
		};
		3733CD132937B00F00901DA6 /* Components */ = {
			isa = PBXGroup;
			children = (
				37AAC9E829863D9300EF9A57 /* CircularProgressView.swift */,
				37AAC9E729863D9300EF9A57 /* ZoomableView.swift */,
				37AAC9AC297F787200EF9A57 /* SourceTableViewCell.swift */,
				37AAC9B02980B4EE00EF9A57 /* TrackerTableViewCell.swift */,
				37AAC9B62980CA4200EF9A57 /* EntryCollectionViewCell.swift */,
				37AAC9C52984A1B500EF9A57 /* InlineStepperView.swift */,
				37AAC9D129857DCC00EF9A57 /* ColorPickerTableViewCell.swift */,
				37AAC9DA298601F600EF9A57 /* FilterTableViewCell.swift */,
				37AAC9DE29861B1C00EF9A57 /* StringSelectViewController.swift */,
				37AAC9F4298AC10000EF9A57 /* EntryTableViewCell.swift */,
				37AACA3A2990627E00EF9A57 /* SettingTableViewController.swift */,
				37AACA3C2990644400EF9A57 /* SettingItemTableViewCell.swift */,
			);
			path = Components;
			sourceTree = "<group>";
		};
		3748E82229B2E7F900D37F2E /* AniSkip */ = {
			isa = PBXGroup;
			children = (
				3748E82329B2E80E00D37F2E /* AniSkipAPI.swift */,
			);
			path = AniSkip;
			sourceTree = "<group>";
		};
		37612AA6292323D400E55BFF /* Library */ = {
			isa = PBXGroup;
			children = (
				37AAC9B42980C2B300EF9A57 /* LibraryViewController.swift */,
				37AAC9BB298196BB00EF9A57 /* LibraryCollectionViewCell.swift */,
				37AAC9BD29821F2D00EF9A57 /* LibraryCategoryEditViewController.swift */,
			);
			path = Library;
			sourceTree = "<group>";
		};
		37612AB42923C64200E55BFF /* Extensions */ = {
			isa = PBXGroup;
			children = (
				3733CD04292EDD7D00901DA6 /* FileManager.swift */,
				37A02F0D292942A50020B817 /* Collection.swift */,
				37A02EEF29241F5D0020B817 /* JSONDecoder.swift */,
				3733CCDE29296E9D00901DA6 /* String.swift */,
				3733CCE32929B85300901DA6 /* Color.swift */,
				3733CD1E293A815E00901DA6 /* Double.swift */,
				37EBD6752958F37600371978 /* UIViewController.swift */,
				37D681652963B19500583A2F /* Int.swift */,
				37AAC9CB29856D3900EF9A57 /* UIColor.swift */,
				37AAC9CD2985746C00EF9A57 /* Numeric.swift */,
				37AAC9EE2986409D00EF9A57 /* UIResponder.swift */,
			);
			path = Extensions;
			sourceTree = "<group>";
		};
		37661CB52922BD0D0052C629 = {
			isa = PBXGroup;
			children = (
				3748E82129ACF0ED00D37F2E /* README.md */,
				37E7BB2F2958D98100FBDAC3 /* .swiftlint.yml */,
				37661CC02922BD0D0052C629 /* Soshiki */,
				37661CBF2922BD0D0052C629 /* Products */,
			);
			sourceTree = "<group>";
		};
		37661CBF2922BD0D0052C629 /* Products */ = {
			isa = PBXGroup;
			children = (
				37661CBE2922BD0D0052C629 /* Soshiki.app */,
			);
			name = Products;
			sourceTree = "<group>";
		};
		37661CC02922BD0D0052C629 /* Soshiki */ = {
			isa = PBXGroup;
			children = (
				3733CD06292EF14D00901DA6 /* Info.plist */,
				37661CD52922D37F0052C629 /* Shared */,
				37661CD42922D3720052C629 /* iOS */,
				37661CC52922BD120052C629 /* Assets.xcassets */,
				37AAC9F6298EBABE00EF9A57 /* Soshiki.xcdatamodeld */,
			);
			path = Soshiki;
			sourceTree = "<group>";
		};
		37661CD42922D3720052C629 /* iOS */ = {
			isa = PBXGroup;
			children = (
				37FC72F9297DDE1500DFBA2F /* SceneDelegate.swift */,
				37FC72F7297DDD7F00DFBA2F /* AppDelegate.swift */,
				37661CD72922D38B0052C629 /* UI */,
			);
			path = iOS;
			sourceTree = "<group>";
		};
		37661CD52922D37F0052C629 /* Shared */ = {
			isa = PBXGroup;
			children = (
				3748E82229B2E7F900D37F2E /* AniSkip */,
				37AACA3529905D1800EF9A57 /* Settings */,
				37AAC9F9298EBD4800EF9A57 /* Data */,
				37AAC9B829818FF100EF9A57 /* Library */,
				37DC3BC429686BF200E84A9B /* Trackers */,
				3733CCE5292A9A9F00901DA6 /* Sources */,
				37A02EEC29241EDF0020B817 /* Base */,
				37A02EE629240FFE0020B817 /* API */,
				37612AB42923C64200E55BFF /* Extensions */,
			);
			path = Shared;
			sourceTree = "<group>";
		};
		37661CD72922D38B0052C629 /* UI */ = {
			isa = PBXGroup;
			children = (
				3715DE022976110600F173EA /* Import */,
				3715DDE7296E45D600F173EA /* Text */,
				37D6815E2962A88900583A2F /* Video */,
				3733CD132937B00F00901DA6 /* Components */,
				3733CD0C2937AF7200901DA6 /* Browse */,
				3733CCFC292EDAD000901DA6 /* Settings */,
				3733CCEC292ADE4400901DA6 /* Image */,
				3733CCE6292AA38200901DA6 /* Search */,
				3733CCE02929990900901DA6 /* Entry */,
				37612AA6292323D400E55BFF /* Library */,
				37AAC9A5297DEB0C00EF9A57 /* MainViewController.swift */,
			);
			path = UI;
			sourceTree = "<group>";
		};
		37A02EE629240FFE0020B817 /* API */ = {
			isa = PBXGroup;
			children = (
				37A5E5C42966636F00453DF3 /* Models */,
				37A02EEA292410B90020B817 /* SoshikiAPI.swift */,
			);
			path = API;
			sourceTree = "<group>";
		};
		37A02EEC29241EDF0020B817 /* Base */ = {
			isa = PBXGroup;
			children = (
				37D681542962373200583A2F /* JavaScript */,
				37A02EED29241EEA0020B817 /* JSONAny.swift */,
				37A02F0F292944C30020B817 /* StringRepresentable.swift */,
				37E8D82C2967CB2D00AC7D47 /* LocalEntry.swift */,
				370CB2B42968E72D00435F17 /* KeychainManager.swift */,
			);
			path = Base;
			sourceTree = "<group>";
		};
		37A5E5C42966636F00453DF3 /* Models */ = {
			isa = PBXGroup;
			children = (
				37A5E5C52966637E00453DF3 /* Entry.swift */,
				37A5E5C72966663900453DF3 /* History.swift */,
				37A5E5C9296666D600453DF3 /* Library.swift */,
				37E8D8272966690A00AC7D47 /* User.swift */,
			);
			path = Models;
			sourceTree = "<group>";
		};
		37AAC9B829818FF100EF9A57 /* Library */ = {
			isa = PBXGroup;
			children = (
				37AAC9B929818FFC00EF9A57 /* LibraryManager.swift */,
			);
			path = Library;
			sourceTree = "<group>";
		};
		37AAC9F9298EBD4800EF9A57 /* Data */ = {
			isa = PBXGroup;
			children = (
				37AAC9FA298EBD4D00EF9A57 /* Entities */,
				37AAC9FF298EC21000EF9A57 /* DataManager.swift */,
			);
			path = Data;
			sourceTree = "<group>";
		};
		37AAC9FA298EBD4D00EF9A57 /* Entities */ = {
			isa = PBXGroup;
			children = (
				37AACA12298F26AF00EF9A57 /* Source */,
				37AAC9FD298EC0FA00EF9A57 /* EntryObject.swift */,
				37AACA13298F295D00EF9A57 /* LibraryObject.swift */,
				37AACA15298F2BB000EF9A57 /* HistoryObject.swift */,
			);
			path = Entities;
			sourceTree = "<group>";
		};
		37AACA12298F26AF00EF9A57 /* Source */ = {
			isa = PBXGroup;
			children = (
				37AACA19298F2D0600EF9A57 /* SourceEntryObject.swift */,
				37AACA1B298F2D9A00EF9A57 /* ImageSourceChapterObject.swift */,
				37AACA1D298F2E7800EF9A57 /* VideoSourceEpisodeObject.swift */,
				37AACA1F298F2F9100EF9A57 /* TextSourceChapterObject.swift */,
			);
			path = Source;
			sourceTree = "<group>";
		};
		37AACA3529905D1800EF9A57 /* Settings */ = {
			isa = PBXGroup;
			children = (
				37AACA3629905D2200EF9A57 /* SettingItem.swift */,
				37AACA3829905DBF00EF9A57 /* SettingGroup.swift */,
			);
			path = Settings;
			sourceTree = "<group>";
		};
		37D68141296129D700583A2F /* Source */ = {
			isa = PBXGroup;
			children = (
				3715DDFD2974782500F173EA /* LocalSource */,
				3715DDF4297476BA00F173EA /* JSSource */,
				3733CCF5292BD25E00901DA6 /* Source.swift */,
				37D6814E2961F3B800583A2F /* TextSource.swift */,
				37D68142296129EA00583A2F /* ImageSource.swift */,
				37D681502961F3C100583A2F /* VideoSource.swift */,
			);
			path = Source;
			sourceTree = "<group>";
		};
		37D681482961555E00583A2F /* Link */ = {
			isa = PBXGroup;
			children = (
				37AAC9F2298ABBD200EF9A57 /* LinkViewController.swift */,
			);
			path = Link;
			sourceTree = "<group>";
		};
		37D681542962373200583A2F /* JavaScript */ = {
			isa = PBXGroup;
			children = (
				3733CCF1292AFEE900901DA6 /* JSFetch.swift */,
				3733CCFA292BFEE600901DA6 /* JSXMLHttpRequest.swift */,
				37D681552962374100583A2F /* JSDom.swift */,
			);
			path = JavaScript;
			sourceTree = "<group>";
		};
		37D6815E2962A88900583A2F /* Video */ = {
			isa = PBXGroup;
			children = (
				37AAC9C72984BB4600EF9A57 /* VideoPlayerViewController.swift */,
				37AAC9C92984C42600EF9A57 /* VideoPlayerSettingsViewController.swift */,
			);
			path = Video;
			sourceTree = "<group>";
		};
		37DC3BC129686BD800E84A9B /* Tracker */ = {
			isa = PBXGroup;
			children = (
				37DC3BC229686BEE00E84A9B /* Tracker.swift */,
			);
			path = Tracker;
			sourceTree = "<group>";
		};
		37DC3BC429686BF200E84A9B /* Trackers */ = {
			isa = PBXGroup;
			children = (
				37DC3BC529686BF900E84A9B /* Models */,
				37DC3BC129686BD800E84A9B /* Tracker */,
				373F6BFD296BC3A1009F268A /* TrackerManager.swift */,
			);
			path = Trackers;
			sourceTree = "<group>";
		};
		37DC3BC529686BF900E84A9B /* Models */ = {
			isa = PBXGroup;
			children = (
			);
			path = Models;
			sourceTree = "<group>";
		};
/* End PBXGroup section */

/* Begin PBXNativeTarget section */
		37661CBD2922BD0D0052C629 /* Soshiki */ = {
			isa = PBXNativeTarget;
			buildConfigurationList = 37661CD12922BD120052C629 /* Build configuration list for PBXNativeTarget "Soshiki" */;
			buildPhases = (
				37661CBA2922BD0D0052C629 /* Sources */,
				37661CBB2922BD0D0052C629 /* Frameworks */,
				37661CBC2922BD0D0052C629 /* Resources */,
				37EBD6742958E36A00371978 /* ShellScript */,
				37AACA10298ECBCB00EF9A57 /* Embed Foundation Extensions */,
			);
			buildRules = (
			);
			dependencies = (
			);
			name = Soshiki;
			packageProductDependencies = (
				3733CD0A2936753700901DA6 /* ZIPFoundation */,
				37D681582962378400583A2F /* SwiftSoup */,
				373F6BF92968F452009F268A /* KeychainSwift */,
				37AAC9EC29863EB400EF9A57 /* Nuke */,
			);
			productName = Soshiki;
			productReference = 37661CBE2922BD0D0052C629 /* Soshiki.app */;
			productType = "com.apple.product-type.application";
		};
/* End PBXNativeTarget section */

/* Begin PBXProject section */
		37661CB62922BD0D0052C629 /* Project object */ = {
			isa = PBXProject;
			attributes = {
				BuildIndependentTargetsInParallel = 1;
				LastSwiftUpdateCheck = 1420;
				LastUpgradeCheck = 1420;
				TargetAttributes = {
					37661CBD2922BD0D0052C629 = {
						CreatedOnToolsVersion = 14.0;
					};
				};
			};
			buildConfigurationList = 37661CB92922BD0D0052C629 /* Build configuration list for PBXProject "Soshiki" */;
			compatibilityVersion = "Xcode 14.0";
			developmentRegion = en;
			hasScannedForEncodings = 0;
			knownRegions = (
				en,
				Base,
				"en-US",
			);
			mainGroup = 37661CB52922BD0D0052C629;
			packageReferences = (
				3733CD092936753700901DA6 /* XCRemoteSwiftPackageReference "ZIPFoundation" */,
				37D681572962378400583A2F /* XCRemoteSwiftPackageReference "SwiftSoup" */,
				373F6BF82968F452009F268A /* XCRemoteSwiftPackageReference "keychain-swift" */,
				37AAC9EB29863EB400EF9A57 /* XCRemoteSwiftPackageReference "Nuke" */,
			);
			productRefGroup = 37661CBF2922BD0D0052C629 /* Products */;
			projectDirPath = "";
			projectRoot = "";
			targets = (
				37661CBD2922BD0D0052C629 /* Soshiki */,
			);
		};
/* End PBXProject section */

/* Begin PBXResourcesBuildPhase section */
		37661CBC2922BD0D0052C629 /* Resources */ = {
			isa = PBXResourcesBuildPhase;
			buildActionMask = 2147483647;
			files = (
				37E7BB302958D98100FBDAC3 /* .swiftlint.yml in Resources */,
				37661CC62922BD120052C629 /* Assets.xcassets in Resources */,
			);
			runOnlyForDeploymentPostprocessing = 0;
		};
/* End PBXResourcesBuildPhase section */

/* Begin PBXShellScriptBuildPhase section */
		37EBD6742958E36A00371978 /* ShellScript */ = {
			isa = PBXShellScriptBuildPhase;
			alwaysOutOfDate = 1;
			buildActionMask = 2147483647;
			files = (
			);
			inputFileListPaths = (
			);
			inputPaths = (
			);
			outputFileListPaths = (
			);
			outputPaths = (
			);
			runOnlyForDeploymentPostprocessing = 0;
			shellPath = /bin/sh;
			shellScript = "export PATH=\"$PATH:/opt/homebrew/bin\"\nif which swiftlint >/dev/null; then\n    swiftlint\nelse\n    echo \"warning: SwiftLint not installed, download from https://github.com/realm/SwiftLint\"\nfi\n";
		};
/* End PBXShellScriptBuildPhase section */

/* Begin PBXSourcesBuildPhase section */
		37661CBA2922BD0D0052C629 /* Sources */ = {
			isa = PBXSourcesBuildPhase;
			buildActionMask = 2147483647;
			files = (
				37D681562962374100583A2F /* JSDom.swift in Sources */,
				37AACA3D2990644400EF9A57 /* SettingItemTableViewCell.swift in Sources */,
				3733CCF9292BD92F00901DA6 /* SourceEntry.swift in Sources */,
				37AACA20298F2F9100EF9A57 /* TextSourceChapterObject.swift in Sources */,
				37AAC9EA29863D9300EF9A57 /* CircularProgressView.swift in Sources */,
				37D6814F2961F3B800583A2F /* TextSource.swift in Sources */,
				37AAC9F12986B8C900EF9A57 /* EntryTrackersViewController.swift in Sources */,
				37AAC9D0298575AB00EF9A57 /* TextReaderSettingsViewController.swift in Sources */,
				37AACA1C298F2D9A00EF9A57 /* ImageSourceChapterObject.swift in Sources */,
				3733CCE42929B85300901DA6 /* Color.swift in Sources */,
				37AAC9DF29861B1C00EF9A57 /* StringSelectViewController.swift in Sources */,
				3715DE0629762D0B00F173EA /* LocalSource.swift in Sources */,
				37FC72FA297DDE1500DFBA2F /* SceneDelegate.swift in Sources */,
				37AAC9A6297DEB0C00EF9A57 /* MainViewController.swift in Sources */,
				37AACA3B2990627E00EF9A57 /* SettingTableViewController.swift in Sources */,
				37A02F0E292942A50020B817 /* Collection.swift in Sources */,
				37AAC9BC298196BB00EF9A57 /* LibraryCollectionViewCell.swift in Sources */,
				37D68147296130D700583A2F /* ImageReaderSettingsViewController.swift in Sources */,
				37D6813B295D3D5400583A2F /* SourceListing.swift in Sources */,
				37AAC9EF2986409D00EF9A57 /* UIResponder.swift in Sources */,
				37AAC9E929863D9300EF9A57 /* ZoomableView.swift in Sources */,
				3715DDF82974771100F173EA /* JSImageSource.swift in Sources */,
				37AAC9B32980B5E300EF9A57 /* TrackerViewController.swift in Sources */,
				37D68139295D285200583A2F /* SourceFilter.swift in Sources */,
				37AAC9E42986352A00EF9A57 /* SourceSettingsViewController.swift in Sources */,
				3715DDFC2974771F00F173EA /* JSSource.swift in Sources */,
				37AACA3729905D2200EF9A57 /* SettingItem.swift in Sources */,
				3733CD23293D8ECB00901DA6 /* ImageReaderPageView.swift in Sources */,
				37AAC9F5298AC10000EF9A57 /* EntryTableViewCell.swift in Sources */,
				37EBD6762958F37600371978 /* UIViewController.swift in Sources */,
				3733CD03292EDD0600901DA6 /* SourceManager.swift in Sources */,
				37D681662963B19500583A2F /* Int.swift in Sources */,
				3733CD1B293A420D00901DA6 /* ImageSourceChapter.swift in Sources */,
				37AAC9D229857DCC00EF9A57 /* ColorPickerTableViewCell.swift in Sources */,
				37AAC9FE298EC0FA00EF9A57 /* EntryObject.swift in Sources */,
				37AACA16298F2BB000EF9A57 /* HistoryObject.swift in Sources */,
				37AAC9F3298ABBD200EF9A57 /* LinkViewController.swift in Sources */,
				37AACA1E298F2E7800EF9A57 /* VideoSourceEpisodeObject.swift in Sources */,
				37AAC9AD297F787200EF9A57 /* SourceTableViewCell.swift in Sources */,
				3715DDEE297463F100F173EA /* TextReaderViewController.swift in Sources */,
				3715DDF02974738000F173EA /* TextSourceChapter.swift in Sources */,
				37AAC9CC29856D3900EF9A57 /* UIColor.swift in Sources */,
				37AAC9E629863A0C00EF9A57 /* SearchViewController.swift in Sources */,
				3715DE042976111000F173EA /* ImportView.swift in Sources */,
				37FC72F8297DDD7F00DFBA2F /* AppDelegate.swift in Sources */,
				3733CCFB292BFEE600901DA6 /* JSXMLHttpRequest.swift in Sources */,
				37A02EEB292410B90020B817 /* SoshikiAPI.swift in Sources */,
				37AACA00298EC21000EF9A57 /* DataManager.swift in Sources */,
				3748E82429B2E80E00D37F2E /* AniSkipAPI.swift in Sources */,
				370CB2B52968E72D00435F17 /* KeychainManager.swift in Sources */,
				373F6BFE296BC3A1009F268A /* TrackerManager.swift in Sources */,
				37AAC9D429858A1800EF9A57 /* BrowseViewController.swift in Sources */,
				3733CD172937B36600901DA6 /* SourceEntryResults.swift in Sources */,
				37AAC9C4298310D400EF9A57 /* EntryViewController.swift in Sources */,
				37AAC9B52980C2B400EF9A57 /* LibraryViewController.swift in Sources */,
				37AACA14298F295D00EF9A57 /* LibraryObject.swift in Sources */,
				37D6815D2962890F00583A2F /* VideoSourceEpisode.swift in Sources */,
				37A02EF029241F5D0020B817 /* JSONDecoder.swift in Sources */,
				37AAC9C02982279900EF9A57 /* EntryHeaderView.swift in Sources */,
				37AAC9CE2985746C00EF9A57 /* Numeric.swift in Sources */,
				37DC3BC329686BEE00E84A9B /* Tracker.swift in Sources */,
				37AAC9C82984BB4600EF9A57 /* VideoPlayerViewController.swift in Sources */,
				37A5E5CA296666D600453DF3 /* Library.swift in Sources */,
				37A5E5C62966637E00453DF3 /* Entry.swift in Sources */,
				37AAC9A9297F691600EF9A57 /* SettingsViewController.swift in Sources */,
				3733CD05292EDD7D00901DA6 /* FileManager.swift in Sources */,
				3733CCDF29296E9D00901DA6 /* String.swift in Sources */,
				37AAC9DD298604D300EF9A57 /* SourceFiltersViewController.swift in Sources */,
				37AAC9CA2984C42600EF9A57 /* VideoPlayerSettingsViewController.swift in Sources */,
				37DF5D2C294264B20072A7BB /* ImageReaderInfoPageView.swift in Sources */,
				37A5E5C82966663900453DF3 /* History.swift in Sources */,
				37AAC9BA29818FFC00EF9A57 /* LibraryManager.swift in Sources */,
				37AAC9C62984A1B500EF9A57 /* InlineStepperView.swift in Sources */,
				37A02F10292944C30020B817 /* StringRepresentable.swift in Sources */,
				37D68143296129EA00583A2F /* ImageSource.swift in Sources */,
				37AAC9B12980B4EE00EF9A57 /* TrackerTableViewCell.swift in Sources */,
				37D681512961F3C100583A2F /* VideoSource.swift in Sources */,
				37E8D82D2967CB2D00AC7D47 /* LocalEntry.swift in Sources */,
				3733CCEE292ADE5300901DA6 /* ImageReaderViewController.swift in Sources */,
				37AAC9AF2980B45F00EF9A57 /* TrackersViewController.swift in Sources */,
				37AAC9AB297F75AB00EF9A57 /* SourcesViewController.swift in Sources */,
				3715DDF62974770900F173EA /* JSTextSource.swift in Sources */,
				37A02EEE29241EEA0020B817 /* JSONAny.swift in Sources */,
				3715DDF32974745100F173EA /* LocalTextSource.swift in Sources */,
				37AACA1A298F2D0600EF9A57 /* SourceEntryObject.swift in Sources */,
				37AAC9D62985922200EF9A57 /* SourceViewController.swift in Sources */,
				37AAC9BE29821F2D00EF9A57 /* LibraryCategoryEditViewController.swift in Sources */,
				3715DDFA2974771900F173EA /* JSVideoSource.swift in Sources */,
				3733CCF6292BD25E00901DA6 /* Source.swift in Sources */,
				37AACA3929905DBF00EF9A57 /* SettingGroup.swift in Sources */,
				3733CD1F293A815E00901DA6 /* Double.swift in Sources */,
				3748E82029908F8E00D37F2E /* EntrySettingsViewController.swift in Sources */,
				3733CCF2292AFEE900901DA6 /* JSFetch.swift in Sources */,
				37E8D8282966690A00AC7D47 /* User.swift in Sources */,
				37AAC9DB298601F600EF9A57 /* FilterTableViewCell.swift in Sources */,
				37AAC9F8298EBABF00EF9A57 /* Soshiki.xcdatamodeld in Sources */,
				37AAC9D82985CEC900EF9A57 /* SourceEntryViewController.swift in Sources */,
				37AAC9B72980CA4200EF9A57 /* EntryCollectionViewCell.swift in Sources */,
			);
			runOnlyForDeploymentPostprocessing = 0;
		};
/* End PBXSourcesBuildPhase section */

/* Begin XCBuildConfiguration section */
		37661CCF2922BD120052C629 /* Debug */ = {
			isa = XCBuildConfiguration;
			buildSettings = {
				ALWAYS_SEARCH_USER_PATHS = NO;
				CLANG_ANALYZER_LOCALIZABILITY_NONLOCALIZED = YES;
				CLANG_ANALYZER_NONNULL = YES;
				CLANG_ANALYZER_NUMBER_OBJECT_CONVERSION = YES_AGGRESSIVE;
				CLANG_CXX_LANGUAGE_STANDARD = "gnu++20";
				CLANG_ENABLE_MODULES = YES;
				CLANG_ENABLE_OBJC_ARC = YES;
				CLANG_ENABLE_OBJC_WEAK = YES;
				CLANG_WARN_BLOCK_CAPTURE_AUTORELEASING = YES;
				CLANG_WARN_BOOL_CONVERSION = YES;
				CLANG_WARN_COMMA = YES;
				CLANG_WARN_CONSTANT_CONVERSION = YES;
				CLANG_WARN_DEPRECATED_OBJC_IMPLEMENTATIONS = YES;
				CLANG_WARN_DIRECT_OBJC_ISA_USAGE = YES_ERROR;
				CLANG_WARN_DOCUMENTATION_COMMENTS = YES;
				CLANG_WARN_EMPTY_BODY = YES;
				CLANG_WARN_ENUM_CONVERSION = YES;
				CLANG_WARN_INFINITE_RECURSION = YES;
				CLANG_WARN_INT_CONVERSION = YES;
				CLANG_WARN_NON_LITERAL_NULL_CONVERSION = YES;
				CLANG_WARN_OBJC_IMPLICIT_RETAIN_SELF = YES;
				CLANG_WARN_OBJC_LITERAL_CONVERSION = YES;
				CLANG_WARN_OBJC_ROOT_CLASS = YES_ERROR;
				CLANG_WARN_QUOTED_INCLUDE_IN_FRAMEWORK_HEADER = YES;
				CLANG_WARN_RANGE_LOOP_ANALYSIS = YES;
				CLANG_WARN_STRICT_PROTOTYPES = YES;
				CLANG_WARN_SUSPICIOUS_MOVE = YES;
				CLANG_WARN_UNGUARDED_AVAILABILITY = YES_AGGRESSIVE;
				CLANG_WARN_UNREACHABLE_CODE = YES;
				CLANG_WARN__DUPLICATE_METHOD_MATCH = YES;
				COPY_PHASE_STRIP = NO;
				DEBUG_INFORMATION_FORMAT = dwarf;
				ENABLE_STRICT_OBJC_MSGSEND = YES;
				ENABLE_TESTABILITY = YES;
				GCC_C_LANGUAGE_STANDARD = gnu11;
				GCC_DYNAMIC_NO_PIC = NO;
				GCC_NO_COMMON_BLOCKS = YES;
				GCC_OPTIMIZATION_LEVEL = 0;
				GCC_PREPROCESSOR_DEFINITIONS = (
					"DEBUG=1",
					"$(inherited)",
				);
				GCC_WARN_64_TO_32_BIT_CONVERSION = YES;
				GCC_WARN_ABOUT_RETURN_TYPE = YES_ERROR;
				GCC_WARN_UNDECLARED_SELECTOR = YES;
				GCC_WARN_UNINITIALIZED_AUTOS = YES_AGGRESSIVE;
				GCC_WARN_UNUSED_FUNCTION = YES;
				GCC_WARN_UNUSED_VARIABLE = YES;
				IPHONEOS_DEPLOYMENT_TARGET = 15.0;
				MTL_ENABLE_DEBUG_INFO = INCLUDE_SOURCE;
				MTL_FAST_MATH = YES;
				ONLY_ACTIVE_ARCH = YES;
				SDKROOT = iphoneos;
				SWIFT_ACTIVE_COMPILATION_CONDITIONS = DEBUG;
				SWIFT_OPTIMIZATION_LEVEL = "-Onone";
			};
			name = Debug;
		};
		37661CD02922BD120052C629 /* Release */ = {
			isa = XCBuildConfiguration;
			buildSettings = {
				ALWAYS_SEARCH_USER_PATHS = NO;
				CLANG_ANALYZER_LOCALIZABILITY_NONLOCALIZED = YES;
				CLANG_ANALYZER_NONNULL = YES;
				CLANG_ANALYZER_NUMBER_OBJECT_CONVERSION = YES_AGGRESSIVE;
				CLANG_CXX_LANGUAGE_STANDARD = "gnu++20";
				CLANG_ENABLE_MODULES = YES;
				CLANG_ENABLE_OBJC_ARC = YES;
				CLANG_ENABLE_OBJC_WEAK = YES;
				CLANG_WARN_BLOCK_CAPTURE_AUTORELEASING = YES;
				CLANG_WARN_BOOL_CONVERSION = YES;
				CLANG_WARN_COMMA = YES;
				CLANG_WARN_CONSTANT_CONVERSION = YES;
				CLANG_WARN_DEPRECATED_OBJC_IMPLEMENTATIONS = YES;
				CLANG_WARN_DIRECT_OBJC_ISA_USAGE = YES_ERROR;
				CLANG_WARN_DOCUMENTATION_COMMENTS = YES;
				CLANG_WARN_EMPTY_BODY = YES;
				CLANG_WARN_ENUM_CONVERSION = YES;
				CLANG_WARN_INFINITE_RECURSION = YES;
				CLANG_WARN_INT_CONVERSION = YES;
				CLANG_WARN_NON_LITERAL_NULL_CONVERSION = YES;
				CLANG_WARN_OBJC_IMPLICIT_RETAIN_SELF = YES;
				CLANG_WARN_OBJC_LITERAL_CONVERSION = YES;
				CLANG_WARN_OBJC_ROOT_CLASS = YES_ERROR;
				CLANG_WARN_QUOTED_INCLUDE_IN_FRAMEWORK_HEADER = YES;
				CLANG_WARN_RANGE_LOOP_ANALYSIS = YES;
				CLANG_WARN_STRICT_PROTOTYPES = YES;
				CLANG_WARN_SUSPICIOUS_MOVE = YES;
				CLANG_WARN_UNGUARDED_AVAILABILITY = YES_AGGRESSIVE;
				CLANG_WARN_UNREACHABLE_CODE = YES;
				CLANG_WARN__DUPLICATE_METHOD_MATCH = YES;
				COPY_PHASE_STRIP = NO;
				DEBUG_INFORMATION_FORMAT = "dwarf-with-dsym";
				ENABLE_NS_ASSERTIONS = NO;
				ENABLE_STRICT_OBJC_MSGSEND = YES;
				GCC_C_LANGUAGE_STANDARD = gnu11;
				GCC_NO_COMMON_BLOCKS = YES;
				GCC_WARN_64_TO_32_BIT_CONVERSION = YES;
				GCC_WARN_ABOUT_RETURN_TYPE = YES_ERROR;
				GCC_WARN_UNDECLARED_SELECTOR = YES;
				GCC_WARN_UNINITIALIZED_AUTOS = YES_AGGRESSIVE;
				GCC_WARN_UNUSED_FUNCTION = YES;
				GCC_WARN_UNUSED_VARIABLE = YES;
				IPHONEOS_DEPLOYMENT_TARGET = 15.0;
				MTL_ENABLE_DEBUG_INFO = NO;
				MTL_FAST_MATH = YES;
				SDKROOT = iphoneos;
				SWIFT_COMPILATION_MODE = wholemodule;
				SWIFT_OPTIMIZATION_LEVEL = "-O";
				VALIDATE_PRODUCT = YES;
			};
			name = Release;
		};
		37661CD22922BD120052C629 /* Debug */ = {
			isa = XCBuildConfiguration;
			buildSettings = {
				ALWAYS_EMBED_SWIFT_STANDARD_LIBRARIES = YES;
				ASSETCATALOG_COMPILER_APPICON_NAME = AppIcon;
				ASSETCATALOG_COMPILER_GLOBAL_ACCENT_COLOR_NAME = AccentColor;
				CODE_SIGN_ENTITLEMENTS = Soshiki/Soshiki.entitlements;
				CODE_SIGN_STYLE = Automatic;
				CURRENT_PROJECT_VERSION = 2;
				DEVELOPMENT_ASSET_PATHS = "";
				DEVELOPMENT_TEAM = V4VMBJ7UGG;
				ENABLE_PREVIEWS = NO;
				GENERATE_INFOPLIST_FILE = YES;
				INFOPLIST_FILE = Soshiki/Info.plist;
				INFOPLIST_KEY_CFBundleDisplayName = Soshiki;
				INFOPLIST_KEY_LSApplicationCategoryType = "public.app-category.entertainment";
				INFOPLIST_KEY_LSSupportsOpeningDocumentsInPlace = YES;
				INFOPLIST_KEY_NSDesktopFolderUsageDescription = "Soshiki needs access to files to be able to import sources, trackers, backups, and other necessary files.";
				INFOPLIST_KEY_NSDocumentsFolderUsageDescription = "Soshiki needs access to files to be able to import sources, trackers, backups, and other necessary files.";
				INFOPLIST_KEY_NSDownloadsFolderUsageDescription = "Soshiki needs access to files to be able to import sources, trackers, backups, and other necessary files.";
				INFOPLIST_KEY_NSFileProviderDomainUsageDescription = "Soshiki needs access to files to be able to import sources, trackers, backups, and other necessary files.";
				INFOPLIST_KEY_NSPhotoLibraryAddUsageDescription = "Soshiki needs access to your photo library to be able to save images to it.";
				INFOPLIST_KEY_NSPhotoLibraryUsageDescription = "Soshiki needs access to your photo library to be able to save images to it.";
				INFOPLIST_KEY_UIApplicationSupportsIndirectInputEvents = YES;
				INFOPLIST_KEY_UILaunchScreen_Generation = YES;
				INFOPLIST_KEY_UIStatusBarStyle = "";
				INFOPLIST_KEY_UISupportedInterfaceOrientations_iPad = "UIInterfaceOrientationPortrait UIInterfaceOrientationPortraitUpsideDown UIInterfaceOrientationLandscapeLeft UIInterfaceOrientationLandscapeRight";
				INFOPLIST_KEY_UISupportedInterfaceOrientations_iPhone = "UIInterfaceOrientationPortrait UIInterfaceOrientationLandscapeLeft UIInterfaceOrientationLandscapeRight";
				INFOPLIST_KEY_UISupportsDocumentBrowser = YES;
				IPHONEOS_DEPLOYMENT_TARGET = 15.0;
				LD_RUNPATH_SEARCH_PATHS = (
					"$(inherited)",
					"@executable_path/Frameworks",
				);
				MARKETING_VERSION = 0.2.1;
				PRODUCT_BUNDLE_IDENTIFIER = com.jimphieffer.Soshiki;
				PRODUCT_NAME = "$(TARGET_NAME)";
				SWIFT_EMIT_LOC_STRINGS = YES;
				SWIFT_STRICT_CONCURRENCY = minimal;
				SWIFT_VERSION = 5.0;
				TARGETED_DEVICE_FAMILY = "1,2";
			};
			name = Debug;
		};
		37661CD32922BD120052C629 /* Release */ = {
			isa = XCBuildConfiguration;
			buildSettings = {
				ALWAYS_EMBED_SWIFT_STANDARD_LIBRARIES = YES;
				ASSETCATALOG_COMPILER_APPICON_NAME = AppIcon;
				ASSETCATALOG_COMPILER_GLOBAL_ACCENT_COLOR_NAME = AccentColor;
				CODE_SIGN_ENTITLEMENTS = Soshiki/Soshiki.entitlements;
				CODE_SIGN_STYLE = Automatic;
				CURRENT_PROJECT_VERSION = 2;
				DEVELOPMENT_ASSET_PATHS = "";
				DEVELOPMENT_TEAM = V4VMBJ7UGG;
				ENABLE_PREVIEWS = NO;
				GENERATE_INFOPLIST_FILE = YES;
				INFOPLIST_FILE = Soshiki/Info.plist;
				INFOPLIST_KEY_CFBundleDisplayName = Soshiki;
				INFOPLIST_KEY_LSApplicationCategoryType = "public.app-category.entertainment";
				INFOPLIST_KEY_LSSupportsOpeningDocumentsInPlace = YES;
				INFOPLIST_KEY_NSDesktopFolderUsageDescription = "Soshiki needs access to files to be able to import sources, trackers, backups, and other necessary files.";
				INFOPLIST_KEY_NSDocumentsFolderUsageDescription = "Soshiki needs access to files to be able to import sources, trackers, backups, and other necessary files.";
				INFOPLIST_KEY_NSDownloadsFolderUsageDescription = "Soshiki needs access to files to be able to import sources, trackers, backups, and other necessary files.";
				INFOPLIST_KEY_NSFileProviderDomainUsageDescription = "Soshiki needs access to files to be able to import sources, trackers, backups, and other necessary files.";
				INFOPLIST_KEY_NSPhotoLibraryAddUsageDescription = "Soshiki needs access to your photo library to be able to save images to it.";
				INFOPLIST_KEY_NSPhotoLibraryUsageDescription = "Soshiki needs access to your photo library to be able to save images to it.";
				INFOPLIST_KEY_UIApplicationSupportsIndirectInputEvents = YES;
				INFOPLIST_KEY_UILaunchScreen_Generation = YES;
				INFOPLIST_KEY_UIStatusBarStyle = "";
				INFOPLIST_KEY_UISupportedInterfaceOrientations_iPad = "UIInterfaceOrientationPortrait UIInterfaceOrientationPortraitUpsideDown UIInterfaceOrientationLandscapeLeft UIInterfaceOrientationLandscapeRight";
				INFOPLIST_KEY_UISupportedInterfaceOrientations_iPhone = "UIInterfaceOrientationPortrait UIInterfaceOrientationLandscapeLeft UIInterfaceOrientationLandscapeRight";
				INFOPLIST_KEY_UISupportsDocumentBrowser = YES;
				IPHONEOS_DEPLOYMENT_TARGET = 15.0;
				LD_RUNPATH_SEARCH_PATHS = (
					"$(inherited)",
					"@executable_path/Frameworks",
				);
				MARKETING_VERSION = 0.2.1;
				PRODUCT_BUNDLE_IDENTIFIER = com.jimphieffer.Soshiki;
				PRODUCT_NAME = "$(TARGET_NAME)";
				SWIFT_EMIT_LOC_STRINGS = YES;
				SWIFT_STRICT_CONCURRENCY = minimal;
				SWIFT_VERSION = 5.0;
				TARGETED_DEVICE_FAMILY = "1,2";
			};
			name = Release;
		};
/* End XCBuildConfiguration section */

/* Begin XCConfigurationList section */
		37661CB92922BD0D0052C629 /* Build configuration list for PBXProject "Soshiki" */ = {
			isa = XCConfigurationList;
			buildConfigurations = (
				37661CCF2922BD120052C629 /* Debug */,
				37661CD02922BD120052C629 /* Release */,
			);
			defaultConfigurationIsVisible = 0;
			defaultConfigurationName = Release;
		};
		37661CD12922BD120052C629 /* Build configuration list for PBXNativeTarget "Soshiki" */ = {
			isa = XCConfigurationList;
			buildConfigurations = (
				37661CD22922BD120052C629 /* Debug */,
				37661CD32922BD120052C629 /* Release */,
			);
			defaultConfigurationIsVisible = 0;
			defaultConfigurationName = Release;
		};
/* End XCConfigurationList section */

/* Begin XCRemoteSwiftPackageReference section */
		3733CD092936753700901DA6 /* XCRemoteSwiftPackageReference "ZIPFoundation" */ = {
			isa = XCRemoteSwiftPackageReference;
			repositoryURL = "https://github.com/weichsel/ZIPFoundation";
			requirement = {
				branch = development;
				kind = branch;
			};
		};
		373F6BF82968F452009F268A /* XCRemoteSwiftPackageReference "keychain-swift" */ = {
			isa = XCRemoteSwiftPackageReference;
			repositoryURL = "https://github.com/evgenyneu/keychain-swift.git";
			requirement = {
				branch = master;
				kind = branch;
			};
		};
		37AAC9EB29863EB400EF9A57 /* XCRemoteSwiftPackageReference "Nuke" */ = {
			isa = XCRemoteSwiftPackageReference;
			repositoryURL = "https://github.com/kean/Nuke.git";
			requirement = {
				kind = upToNextMajorVersion;
				minimumVersion = 9.0.0;
			};
		};
		37D681572962378400583A2F /* XCRemoteSwiftPackageReference "SwiftSoup" */ = {
			isa = XCRemoteSwiftPackageReference;
			repositoryURL = "https://github.com/scinfu/SwiftSoup.git";
			requirement = {
				kind = upToNextMajorVersion;
				minimumVersion = 2.0.0;
			};
		};
/* End XCRemoteSwiftPackageReference section */

/* Begin XCSwiftPackageProductDependency section */
		3733CD0A2936753700901DA6 /* ZIPFoundation */ = {
			isa = XCSwiftPackageProductDependency;
			package = 3733CD092936753700901DA6 /* XCRemoteSwiftPackageReference "ZIPFoundation" */;
			productName = ZIPFoundation;
		};
		373F6BF92968F452009F268A /* KeychainSwift */ = {
			isa = XCSwiftPackageProductDependency;
			package = 373F6BF82968F452009F268A /* XCRemoteSwiftPackageReference "keychain-swift" */;
			productName = KeychainSwift;
		};
		37AAC9EC29863EB400EF9A57 /* Nuke */ = {
			isa = XCSwiftPackageProductDependency;
			package = 37AAC9EB29863EB400EF9A57 /* XCRemoteSwiftPackageReference "Nuke" */;
			productName = Nuke;
		};
		37D681582962378400583A2F /* SwiftSoup */ = {
			isa = XCSwiftPackageProductDependency;
			package = 37D681572962378400583A2F /* XCRemoteSwiftPackageReference "SwiftSoup" */;
			productName = SwiftSoup;
		};
/* End XCSwiftPackageProductDependency section */

/* Begin XCVersionGroup section */
		37AAC9F6298EBABE00EF9A57 /* Soshiki.xcdatamodeld */ = {
			isa = XCVersionGroup;
			children = (
				37AAC9F7298EBABF00EF9A57 /* SoshikiModel.xcdatamodel */,
			);
			currentVersion = 37AAC9F7298EBABF00EF9A57 /* SoshikiModel.xcdatamodel */;
			path = Soshiki.xcdatamodeld;
			sourceTree = "<group>";
			versionGroupType = wrapper.xcdatamodel;
		};
/* End XCVersionGroup section */
	};
	rootObject = 37661CB62922BD0D0052C629 /* Project object */;
}
